
Microsoft Visual Studio Solution File, Format Version 12.00
# Visual Studio 15
VisualStudioVersion = 15.0.27428.2002
MinimumVisualStudioVersion = 10.0.40219.1
Project("{FAE04EC0-301F-11D3-BF4B-00C04F79EFBC}") = "Hotel.UI", "Hotel.UI\Hotel.UI.csproj", "{031D318A-BA8A-4ACF-9A4E-0496231A132A}"
EndProject
Project("{FAE04EC0-301F-11D3-BF4B-00C04F79EFBC}") = "Hotel.Core", "Hotel.Core\Hotel.Core.csproj", "{15FD9E75-03F4-42E8-9AAD-8ED44DC35369}"
EndProject
Global
	GlobalSection(SolutionConfigurationPlatforms) = preSolution
		Debug|Any CPU = Debug|Any CPU
		Release|Any CPU = Release|Any CPU
	EndGlobalSection
	GlobalSection(ProjectConfigurationPlatforms) = postSolution
		{031D318A-BA8A-4ACF-9A4E-0496231A132A}.Debug|Any CPU.ActiveCfg = Debug|Any CPU
		{031D318A-BA8A-4ACF-9A4E-0496231A132A}.Debug|Any CPU.Build.0 = Debug|Any CPU
		{031D318A-BA8A-4ACF-9A4E-0496231A132A}.Release|Any CPU.ActiveCfg = Release|Any CPU
		{031D318A-BA8A-4ACF-9A4E-0496231A132A}.Release|Any CPU.Build.0 = Release|Any CPU
		{15FD9E75-03F4-42E8-9AAD-8ED44DC35369}.Debug|Any CPU.ActiveCfg = Debug|Any CPU
		{15FD9E75-03F4-42E8-9AAD-8ED44DC35369}.Debug|Any CPU.Build.0 = Debug|Any CPU
		{15FD9E75-03F4-42E8-9AAD-8ED44DC35369}.Release|Any CPU.ActiveCfg = Release|Any CPU
		{15FD9E75-03F4-42E8-9AAD-8ED44DC35369}.Release|Any CPU.Build.0 = Release|Any CPU
	EndGlobalSection
	GlobalSection(SolutionProperties) = preSolution
		HideSolutionNode = FALSE
	EndGlobalSection
	GlobalSection(ExtensibilityGlobals) = postSolution
		SolutionGuid = {EAB2B4DD-BA89-4637-8467-0D94B0BBFEBB}
	EndGlobalSection
EndGlobal
